
Microsoft Visual Studio Solution File, Format Version 12.00
# Visual Studio 14
VisualStudioVersion = 14.0.25123.0
MinimumVisualStudioVersion = 10.0.40219.1
Project("{F184B08F-C81C-45F6-A57F-5ABD9991F28F}") = "WebCrawlerSystem", "WebCrawlerSystem\WebCrawlerSystem.vbproj", "{567FDBC8-C167-4E3D-90B6-4A65AF874824}"
EndProject
Project("{FAE04EC0-301F-11D3-BF4B-00C04F79EFBC}") = "Wpf.TabControl", "TabControl\Wpf.TabControl.csproj", "{509D06BD-AEB6-4E92-8E5B-21188EBDBD9C}"
EndProject
Project("{54435603-DBB4-11D2-8724-00A0C9A8B90C}") = "CrawlerSetup", "CrawlerSetup\CrawlerSetup.vdproj", "{C4DF530A-9DE2-40DD-B698-341EFE174CBE}"
EndProject
Global
	GlobalSection(SolutionConfigurationPlatforms) = preSolution
		Debug|Any CPU = Debug|Any CPU
		Release|Any CPU = Release|Any CPU
	EndGlobalSection
	GlobalSection(ProjectConfigurationPlatforms) = postSolution
		{567FDBC8-C167-4E3D-90B6-4A65AF874824}.Debug|Any CPU.ActiveCfg = Debug|Any CPU
		{567FDBC8-C167-4E3D-90B6-4A65AF874824}.Debug|Any CPU.Build.0 = Debug|Any CPU
		{567FDBC8-C167-4E3D-90B6-4A65AF874824}.Release|Any CPU.ActiveCfg = Release|Any CPU
		{567FDBC8-C167-4E3D-90B6-4A65AF874824}.Release|Any CPU.Build.0 = Release|Any CPU
		{509D06BD-AEB6-4E92-8E5B-21188EBDBD9C}.Debug|Any CPU.ActiveCfg = Debug|Any CPU
		{509D06BD-AEB6-4E92-8E5B-21188EBDBD9C}.Debug|Any CPU.Build.0 = Debug|Any CPU
		{509D06BD-AEB6-4E92-8E5B-21188EBDBD9C}.Release|Any CPU.ActiveCfg = Release|Any CPU
		{509D06BD-AEB6-4E92-8E5B-21188EBDBD9C}.Release|Any CPU.Build.0 = Release|Any CPU
		{C4DF530A-9DE2-40DD-B698-341EFE174CBE}.Debug|Any CPU.ActiveCfg = Debug
		{C4DF530A-9DE2-40DD-B698-341EFE174CBE}.Release|Any CPU.ActiveCfg = Release
	EndGlobalSection
	GlobalSection(SolutionProperties) = preSolution
		HideSolutionNode = FALSE
	EndGlobalSection
EndGlobal
